// !$*UTF8*$!
{
	archiveVersion = 1;
	classes = {
	};
	objectVersion = 55;
	objects = {

/* Begin PBXBuildFile section */
		4127A2A42C22A46100F0907F /* EurobankApp.swift in Sources */ = {isa = PBXBuildFile; fileRef = 4127A2A32C22A46100F0907F /* EurobankApp.swift */; };
		4127A2A62C22A46100F0907F /* ContentView.swift in Sources */ = {isa = PBXBuildFile; fileRef = 4127A2A52C22A46100F0907F /* ContentView.swift */; };
		4127A2A82C22A46200F0907F /* Assets.xcassets in Resources */ = {isa = PBXBuildFile; fileRef = 4127A2A72C22A46200F0907F /* Assets.xcassets */; };
		4127A2AB2C22A46200F0907F /* Preview Assets.xcassets in Resources */ = {isa = PBXBuildFile; fileRef = 4127A2AA2C22A46200F0907F /* Preview Assets.xcassets */; };
		4127A2B22C22C3A900F0907F /* CustomImageView.swift in Sources */ = {isa = PBXBuildFile; fileRef = 4127A2B12C22C3A900F0907F /* CustomImageView.swift */; };
		4127A2B62C22CA3900F0907F /* CustomBgImageView.swift in Sources */ = {isa = PBXBuildFile; fileRef = 4127A2B52C22CA3900F0907F /* CustomBgImageView.swift */; };
		4127A2B82C22D13300F0907F /* RowView.swift in Sources */ = {isa = PBXBuildFile; fileRef = 4127A2B72C22D13300F0907F /* RowView.swift */; };
		4127A2BA2C22D1D000F0907F /* RowStruct.swift in Sources */ = {isa = PBXBuildFile; fileRef = 4127A2B92C22D1D000F0907F /* RowStruct.swift */; };
		4127A2BC2C22E56800F0907F /* Animations.swift in Sources */ = {isa = PBXBuildFile; fileRef = 4127A2BB2C22E56800F0907F /* Animations.swift */; };
		4127A2BE2C22EDC800F0907F /* FirstScreen.swift in Sources */ = {isa = PBXBuildFile; fileRef = 4127A2BD2C22EDC800F0907F /* FirstScreen.swift */; };
		4127A2C02C2304BA00F0907F /* JsonResponse.swift in Sources */ = {isa = PBXBuildFile; fileRef = 4127A2BF2C2304B900F0907F /* JsonResponse.swift */; };
		4189CA5D2C2479C300C1F102 /* Settings.swift in Sources */ = {isa = PBXBuildFile; fileRef = 4189CA5C2C2479C300C1F102 /* Settings.swift */; };
		4189CA5F2C2481B300C1F102 /* NetworkScreen.swift in Sources */ = {isa = PBXBuildFile; fileRef = 4189CA5E2C2481B300C1F102 /* NetworkScreen.swift */; };
		4189CA612C2481FB00C1F102 /* NetworkClass.swift in Sources */ = {isa = PBXBuildFile; fileRef = 4189CA602C2481FB00C1F102 /* NetworkClass.swift */; };
/* End PBXBuildFile section */

/* Begin PBXFileReference section */
		4127A2A02C22A46100F0907F /* Eurobank.app */ = {isa = PBXFileReference; explicitFileType = wrapper.application; includeInIndex = 0; path = Eurobank.app; sourceTree = BUILT_PRODUCTS_DIR; };
		4127A2A32C22A46100F0907F /* EurobankApp.swift */ = {isa = PBXFileReference; lastKnownFileType = sourcecode.swift; path = EurobankApp.swift; sourceTree = "<group>"; };
		4127A2A52C22A46100F0907F /* ContentView.swift */ = {isa = PBXFileReference; lastKnownFileType = sourcecode.swift; path = ContentView.swift; sourceTree = "<group>"; };
		4127A2A72C22A46200F0907F /* Assets.xcassets */ = {isa = PBXFileReference; lastKnownFileType = folder.assetcatalog; path = Assets.xcassets; sourceTree = "<group>"; };
		4127A2AA2C22A46200F0907F /* Preview Assets.xcassets */ = {isa = PBXFileReference; lastKnownFileType = folder.assetcatalog; path = "Preview Assets.xcassets"; sourceTree = "<group>"; };
		4127A2B12C22C3A900F0907F /* CustomImageView.swift */ = {isa = PBXFileReference; lastKnownFileType = sourcecode.swift; path = CustomImageView.swift; sourceTree = "<group>"; };
		4127A2B52C22CA3900F0907F /* CustomBgImageView.swift */ = {isa = PBXFileReference; lastKnownFileType = sourcecode.swift; path = CustomBgImageView.swift; sourceTree = "<group>"; };
		4127A2B72C22D13300F0907F /* RowView.swift */ = {isa = PBXFileReference; lastKnownFileType = sourcecode.swift; path = RowView.swift; sourceTree = "<group>"; };
		4127A2B92C22D1D000F0907F /* RowStruct.swift */ = {isa = PBXFileReference; lastKnownFileType = sourcecode.swift; path = RowStruct.swift; sourceTree = "<group>"; };
		4127A2BB2C22E56800F0907F /* Animations.swift */ = {isa = PBXFileReference; lastKnownFileType = sourcecode.swift; path = Animations.swift; sourceTree = "<group>"; };
		4127A2BD2C22EDC800F0907F /* FirstScreen.swift */ = {isa = PBXFileReference; lastKnownFileType = sourcecode.swift; path = FirstScreen.swift; sourceTree = "<group>"; };
		4127A2BF2C2304B900F0907F /* JsonResponse.swift */ = {isa = PBXFileReference; lastKnownFileType = sourcecode.swift; path = JsonResponse.swift; sourceTree = "<group>"; };
		4189CA5C2C2479C300C1F102 /* Settings.swift */ = {isa = PBXFileReference; lastKnownFileType = sourcecode.swift; path = Settings.swift; sourceTree = "<group>"; };
		4189CA5E2C2481B300C1F102 /* NetworkScreen.swift */ = {isa = PBXFileReference; lastKnownFileType = sourcecode.swift; path = NetworkScreen.swift; sourceTree = "<group>"; };
		4189CA602C2481FB00C1F102 /* NetworkClass.swift */ = {isa = PBXFileReference; lastKnownFileType = sourcecode.swift; path = NetworkClass.swift; sourceTree = "<group>"; };
/* End PBXFileReference section */

/* Begin PBXFrameworksBuildPhase section */
		4127A29D2C22A46100F0907F /* Frameworks */ = {
			isa = PBXFrameworksBuildPhase;
			buildActionMask = 2147483647;
			files = (
			);
			runOnlyForDeploymentPostprocessing = 0;
		};
/* End PBXFrameworksBuildPhase section */

/* Begin PBXGroup section */
		4127A2972C22A46100F0907F = {
			isa = PBXGroup;
			children = (
				4127A2A22C22A46100F0907F /* Eurobank */,
				4127A2A12C22A46100F0907F /* Products */,
			);
			sourceTree = "<group>";
		};
		4127A2A12C22A46100F0907F /* Products */ = {
			isa = PBXGroup;
			children = (
				4127A2A02C22A46100F0907F /* Eurobank.app */,
			);
			name = Products;
			sourceTree = "<group>";
		};
		4127A2A22C22A46100F0907F /* Eurobank */ = {
			isa = PBXGroup;
			children = (
				4127A2A32C22A46100F0907F /* EurobankApp.swift */,
				4127A2A52C22A46100F0907F /* ContentView.swift */,
				4127A2A72C22A46200F0907F /* Assets.xcassets */,
				4127A2A92C22A46200F0907F /* Preview Content */,
				4127A2B12C22C3A900F0907F /* CustomImageView.swift */,
				4127A2B52C22CA3900F0907F /* CustomBgImageView.swift */,
				4127A2B72C22D13300F0907F /* RowView.swift */,
				4127A2B92C22D1D000F0907F /* RowStruct.swift */,
				4127A2BB2C22E56800F0907F /* Animations.swift */,
				4127A2BD2C22EDC800F0907F /* FirstScreen.swift */,
				4127A2BF2C2304B900F0907F /* JsonResponse.swift */,
				4189CA5C2C2479C300C1F102 /* Settings.swift */,
				4189CA5E2C2481B300C1F102 /* NetworkScreen.swift */,
				4189CA602C2481FB00C1F102 /* NetworkClass.swift */,
			);
			path = Eurobank;
			sourceTree = "<group>";
		};
		4127A2A92C22A46200F0907F /* Preview Content */ = {
			isa = PBXGroup;
			children = (
				4127A2AA2C22A46200F0907F /* Preview Assets.xcassets */,
			);
			path = "Preview Content";
			sourceTree = "<group>";
		};
/* End PBXGroup section */

/* Begin PBXNativeTarget section */
		4127A29F2C22A46100F0907F /* Eurobank */ = {
			isa = PBXNativeTarget;
			buildConfigurationList = 4127A2AE2C22A46200F0907F /* Build configuration list for PBXNativeTarget "Eurobank" */;
			buildPhases = (
				4127A29C2C22A46100F0907F /* Sources */,
				4127A29D2C22A46100F0907F /* Frameworks */,
				4127A29E2C22A46100F0907F /* Resources */,
			);
			buildRules = (
			);
			dependencies = (
			);
			name = Eurobank;
			productName = Eurobank;
			productReference = 4127A2A02C22A46100F0907F /* Eurobank.app */;
			productType = "com.apple.product-type.application";
		};
/* End PBXNativeTarget section */

/* Begin PBXProject section */
		4127A2982C22A46100F0907F /* Project object */ = {
			isa = PBXProject;
			attributes = {
				BuildIndependentTargetsInParallel = 1;
				LastSwiftUpdateCheck = 1310;
				LastUpgradeCheck = 1310;
				TargetAttributes = {
					4127A29F2C22A46100F0907F = {
						CreatedOnToolsVersion = 13.1;
					};
				};
			};
			buildConfigurationList = 4127A29B2C22A46100F0907F /* Build configuration list for PBXProject "Eurobank" */;
			compatibilityVersion = "Xcode 13.0";
			developmentRegion = en;
			hasScannedForEncodings = 0;
			knownRegions = (
				en,
				Base,
			);
			mainGroup = 4127A2972C22A46100F0907F;
			productRefGroup = 4127A2A12C22A46100F0907F /* Products */;
			projectDirPath = "";
			projectRoot = "";
			targets = (
				4127A29F2C22A46100F0907F /* Eurobank */,
			);
		};
/* End PBXProject section */

/* Begin PBXResourcesBuildPhase section */
		4127A29E2C22A46100F0907F /* Resources */ = {
			isa = PBXResourcesBuildPhase;
			buildActionMask = 2147483647;
			files = (
				4127A2AB2C22A46200F0907F /* Preview Assets.xcassets in Resources */,
				4127A2A82C22A46200F0907F /* Assets.xcassets in Resources */,
			);
			runOnlyForDeploymentPostprocessing = 0;
		};
/* End PBXResourcesBuildPhase section */

/* Begin PBXSourcesBuildPhase section */
		4127A29C2C22A46100F0907F /* Sources */ = {
			isa = PBXSourcesBuildPhase;
			buildActionMask = 2147483647;
			files = (
				4127A2A62C22A46100F0907F /* ContentView.swift in Sources */,
				4127A2B82C22D13300F0907F /* RowView.swift in Sources */,
				4127A2B62C22CA3900F0907F /* CustomBgImageView.swift in Sources */,
				4127A2C02C2304BA00F0907F /* JsonResponse.swift in Sources */,
				4189CA5D2C2479C300C1F102 /* Settings.swift in Sources */,
				4189CA612C2481FB00C1F102 /* NetworkClass.swift in Sources */,
				4127A2BA2C22D1D000F0907F /* RowStruct.swift in Sources */,
				4189CA5F2C2481B300C1F102 /* NetworkScreen.swift in Sources */,
				4127A2BE2C22EDC800F0907F /* FirstScreen.swift in Sources */,
				4127A2B22C22C3A900F0907F /* CustomImageView.swift in Sources */,
				4127A2A42C22A46100F0907F /* EurobankApp.swift in Sources */,
				4127A2BC2C22E56800F0907F /* Animations.swift in Sources */,
			);
			runOnlyForDeploymentPostprocessing = 0;
		};
/* End PBXSourcesBuildPhase section */

/* Begin XCBuildConfiguration section */
		4127A2AC2C22A46200F0907F /* Debug */ = {
			isa = XCBuildConfiguration;
			buildSettings = {
				ALWAYS_SEARCH_USER_PATHS = NO;
				CLANG_ANALYZER_NONNULL = YES;
				CLANG_ANALYZER_NUMBER_OBJECT_CONVERSION = YES_AGGRESSIVE;
				CLANG_CXX_LANGUAGE_STANDARD = "gnu++17";
				CLANG_CXX_LIBRARY = "libc++";
				CLANG_ENABLE_MODULES = YES;
				CLANG_ENABLE_OBJC_ARC = YES;
				CLANG_ENABLE_OBJC_WEAK = YES;
				CLANG_WARN_BLOCK_CAPTURE_AUTORELEASING = YES;
				CLANG_WARN_BOOL_CONVERSION = YES;
				CLANG_WARN_COMMA = YES;
				CLANG_WARN_CONSTANT_CONVERSION = YES;
				CLANG_WARN_DEPRECATED_OBJC_IMPLEMENTATIONS = YES;
				CLANG_WARN_DIRECT_OBJC_ISA_USAGE = YES_ERROR;
				CLANG_WARN_DOCUMENTATION_COMMENTS = YES;
				CLANG_WARN_EMPTY_BODY = YES;
				CLANG_WARN_ENUM_CONVERSION = YES;
				CLANG_WARN_INFINITE_RECURSION = YES;
				CLANG_WARN_INT_CONVERSION = YES;
				CLANG_WARN_NON_LITERAL_NULL_CONVERSION = YES;
				CLANG_WARN_OBJC_IMPLICIT_RETAIN_SELF = YES;
				CLANG_WARN_OBJC_LITERAL_CONVERSION = YES;
				CLANG_WARN_OBJC_ROOT_CLASS = YES_ERROR;
				CLANG_WARN_QUOTED_INCLUDE_IN_FRAMEWORK_HEADER = YES;
				CLANG_WARN_RANGE_LOOP_ANALYSIS = YES;
				CLANG_WARN_STRICT_PROTOTYPES = YES;
				CLANG_WARN_SUSPICIOUS_MOVE = YES;
				CLANG_WARN_UNGUARDED_AVAILABILITY = YES_AGGRESSIVE;
				CLANG_WARN_UNREACHABLE_CODE = YES;
				CLANG_WARN__DUPLICATE_METHOD_MATCH = YES;
				COPY_PHASE_STRIP = NO;
				DEBUG_INFORMATION_FORMAT = dwarf;
				ENABLE_STRICT_OBJC_MSGSEND = YES;
				ENABLE_TESTABILITY = YES;
				GCC_C_LANGUAGE_STANDARD = gnu11;
				GCC_DYNAMIC_NO_PIC = NO;
				GCC_NO_COMMON_BLOCKS = YES;
				GCC_OPTIMIZATION_LEVEL = 0;
				GCC_PREPROCESSOR_DEFINITIONS = (
					"DEBUG=1",
					"$(inherited)",
				);
				GCC_WARN_64_TO_32_BIT_CONVERSION = YES;
				GCC_WARN_ABOUT_RETURN_TYPE = YES_ERROR;
				GCC_WARN_UNDECLARED_SELECTOR = YES;
				GCC_WARN_UNINITIALIZED_AUTOS = YES_AGGRESSIVE;
				GCC_WARN_UNUSED_FUNCTION = YES;
				GCC_WARN_UNUSED_VARIABLE = YES;
				IPHONEOS_DEPLOYMENT_TARGET = 15.0;
				MTL_ENABLE_DEBUG_INFO = INCLUDE_SOURCE;
				MTL_FAST_MATH = YES;
				ONLY_ACTIVE_ARCH = YES;
				SDKROOT = iphoneos;
				SWIFT_ACTIVE_COMPILATION_CONDITIONS = DEBUG;
				SWIFT_OPTIMIZATION_LEVEL = "-Onone";
			};
			name = Debug;
		};
		4127A2AD2C22A46200F0907F /* Release */ = {
			isa = XCBuildConfiguration;
			buildSettings = {
				ALWAYS_SEARCH_USER_PATHS = NO;
				CLANG_ANALYZER_NONNULL = YES;
				CLANG_ANALYZER_NUMBER_OBJECT_CONVERSION = YES_AGGRESSIVE;
				CLANG_CXX_LANGUAGE_STANDARD = "gnu++17";
				CLANG_CXX_LIBRARY = "libc++";
				CLANG_ENABLE_MODULES = YES;
				CLANG_ENABLE_OBJC_ARC = YES;
				CLANG_ENABLE_OBJC_WEAK = YES;
				CLANG_WARN_BLOCK_CAPTURE_AUTORELEASING = YES;
				CLANG_WARN_BOOL_CONVERSION = YES;
				CLANG_WARN_COMMA = YES;
				CLANG_WARN_CONSTANT_CONVERSION = YES;
				CLANG_WARN_DEPRECATED_OBJC_IMPLEMENTATIONS = YES;
				CLANG_WARN_DIRECT_OBJC_ISA_USAGE = YES_ERROR;
				CLANG_WARN_DOCUMENTATION_COMMENTS = YES;
				CLANG_WARN_EMPTY_BODY = YES;
				CLANG_WARN_ENUM_CONVERSION = YES;
				CLANG_WARN_INFINITE_RECURSION = YES;
				CLANG_WARN_INT_CONVERSION = YES;
				CLANG_WARN_NON_LITERAL_NULL_CONVERSION = YES;
				CLANG_WARN_OBJC_IMPLICIT_RETAIN_SELF = YES;
				CLANG_WARN_OBJC_LITERAL_CONVERSION = YES;
				CLANG_WARN_OBJC_ROOT_CLASS = YES_ERROR;
				CLANG_WARN_QUOTED_INCLUDE_IN_FRAMEWORK_HEADER = YES;
				CLANG_WARN_RANGE_LOOP_ANALYSIS = YES;
				CLANG_WARN_STRICT_PROTOTYPES = YES;
				CLANG_WARN_SUSPICIOUS_MOVE = YES;
				CLANG_WARN_UNGUARDED_AVAILABILITY = YES_AGGRESSIVE;
				CLANG_WARN_UNREACHABLE_CODE = YES;
				CLANG_WARN__DUPLICATE_METHOD_MATCH = YES;
				COPY_PHASE_STRIP = NO;
				DEBUG_INFORMATION_FORMAT = "dwarf-with-dsym";
				ENABLE_NS_ASSERTIONS = NO;
				ENABLE_STRICT_OBJC_MSGSEND = YES;
				GCC_C_LANGUAGE_STANDARD = gnu11;
				GCC_NO_COMMON_BLOCKS = YES;
				GCC_WARN_64_TO_32_BIT_CONVERSION = YES;
				GCC_WARN_ABOUT_RETURN_TYPE = YES_ERROR;
				GCC_WARN_UNDECLARED_SELECTOR = YES;
				GCC_WARN_UNINITIALIZED_AUTOS = YES_AGGRESSIVE;
				GCC_WARN_UNUSED_FUNCTION = YES;
				GCC_WARN_UNUSED_VARIABLE = YES;
				IPHONEOS_DEPLOYMENT_TARGET = 15.0;
				MTL_ENABLE_DEBUG_INFO = NO;
				MTL_FAST_MATH = YES;
				SDKROOT = iphoneos;
				SWIFT_COMPILATION_MODE = wholemodule;
				SWIFT_OPTIMIZATION_LEVEL = "-O";
				VALIDATE_PRODUCT = YES;
			};
			name = Release;
		};
		4127A2AF2C22A46200F0907F /* Debug */ = {
			isa = XCBuildConfiguration;
			buildSettings = {
				ASSETCATALOG_COMPILER_APPICON_NAME = AppIcon;
				ASSETCATALOG_COMPILER_GLOBAL_ACCENT_COLOR_NAME = AccentColor;
				CODE_SIGN_STYLE = Automatic;
				CURRENT_PROJECT_VERSION = 1;
				DEVELOPMENT_ASSET_PATHS = "\"Eurobank/Preview Content\"";
				DEVELOPMENT_TEAM = 96T856GM2U;
				ENABLE_PREVIEWS = YES;
				GENERATE_INFOPLIST_FILE = YES;
				INFOPLIST_KEY_UIApplicationSceneManifest_Generation = YES;
				INFOPLIST_KEY_UIApplicationSupportsIndirectInputEvents = YES;
				INFOPLIST_KEY_UILaunchScreen_Generation = YES;
				INFOPLIST_KEY_UISupportedInterfaceOrientations_iPad = "UIInterfaceOrientationPortrait UIInterfaceOrientationPortraitUpsideDown UIInterfaceOrientationLandscapeLeft UIInterfaceOrientationLandscapeRight";
				INFOPLIST_KEY_UISupportedInterfaceOrientations_iPhone = "UIInterfaceOrientationPortrait UIInterfaceOrientationLandscapeLeft UIInterfaceOrientationLandscapeRight";
				LD_RUNPATH_SEARCH_PATHS = (
					"$(inherited)",
					"@executable_path/Frameworks",
				);
				MARKETING_VERSION = 1.0;
				PRODUCT_BUNDLE_IDENTIFIER = com.accenure.Eurobank;
				PRODUCT_NAME = "$(TARGET_NAME)";
				SWIFT_EMIT_LOC_STRINGS = YES;
				SWIFT_VERSION = 5.0;
				TARGETED_DEVICE_FAMILY = "1,2";
			};
			name = Debug;
		};
		4127A2B02C22A46200F0907F /* Release */ = {
			isa = XCBuildConfiguration;
			buildSettings = {
				ASSETCATALOG_COMPILER_APPICON_NAME = AppIcon;
				ASSETCATALOG_COMPILER_GLOBAL_ACCENT_COLOR_NAME = AccentColor;
				CODE_SIGN_STYLE = Automatic;
				CURRENT_PROJECT_VERSION = 1;
				DEVELOPMENT_ASSET_PATHS = "\"Eurobank/Preview Content\"";
				DEVELOPMENT_TEAM = 96T856GM2U;
				ENABLE_PREVIEWS = YES;
				GENERATE_INFOPLIST_FILE = YES;
				INFOPLIST_KEY_UIApplicationSceneManifest_Generation = YES;
				INFOPLIST_KEY_UIApplicationSupportsIndirectInputEvents = YES;
				INFOPLIST_KEY_UILaunchScreen_Generation = YES;
				INFOPLIST_KEY_UISupportedInterfaceOrientations_iPad = "UIInterfaceOrientationPortrait UIInterfaceOrientationPortraitUpsideDown UIInterfaceOrientationLandscapeLeft UIInterfaceOrientationLandscapeRight";
				INFOPLIST_KEY_UISupportedInterfaceOrientations_iPhone = "UIInterfaceOrientationPortrait UIInterfaceOrientationLandscapeLeft UIInterfaceOrientationLandscapeRight";
				LD_RUNPATH_SEARCH_PATHS = (
					"$(inherited)",
					"@executable_path/Frameworks",
				);
				MARKETING_VERSION = 1.0;
				PRODUCT_BUNDLE_IDENTIFIER = com.accenure.Eurobank;
				PRODUCT_NAME = "$(TARGET_NAME)";
				SWIFT_EMIT_LOC_STRINGS = YES;
				SWIFT_VERSION = 5.0;
				TARGETED_DEVICE_FAMILY = "1,2";
			};
			name = Release;
		};
/* End XCBuildConfiguration section */

/* Begin XCConfigurationList section */
		4127A29B2C22A46100F0907F /* Build configuration list for PBXProject "Eurobank" */ = {
			isa = XCConfigurationList;
			buildConfigurations = (
				4127A2AC2C22A46200F0907F /* Debug */,
				4127A2AD2C22A46200F0907F /* Release */,
			);
			defaultConfigurationIsVisible = 0;
			defaultConfigurationName = Debug;
		};
		4127A2AE2C22A46200F0907F /* Build configuration list for PBXNativeTarget "Eurobank" */ = {
			isa = XCConfigurationList;
			buildConfigurations = (
				4127A2AF2C22A46200F0907F /* Debug */,
				4127A2B02C22A46200F0907F /* Release */,
			);
			defaultConfigurationIsVisible = 0;
			defaultConfigurationName = Debug;
		};
/* End XCConfigurationList section */
	};
	rootObject = 4127A2982C22A46100F0907F /* Project object */;
}
